
Microsoft Visual Studio Solution File, Format Version 12.00
# Visual Studio Version 17
VisualStudioVersion = 17.5.002.0
MinimumVisualStudioVersion = 10.0.40219.1
Project("{9A19103F-16F7-4668-BE54-9A1E7A4F7556}") = "biblioGraphicApp", "biblioGraphicApp.csproj", "{866CF661-FA64-4D11-9F69-6E8013450639}"
EndProject
Global
	GlobalSection(SolutionConfigurationPlatforms) = preSolution
		Debug|Any CPU = Debug|Any CPU
		Release|Any CPU = Release|Any CPU
	EndGlobalSection
	GlobalSection(ProjectConfigurationPlatforms) = postSolution
		{866CF661-FA64-4D11-9F69-6E8013450639}.Debug|Any CPU.ActiveCfg = Debug|Any CPU
		{866CF661-FA64-4D11-9F69-6E8013450639}.Debug|Any CPU.Build.0 = Debug|Any CPU
		{866CF661-FA64-4D11-9F69-6E8013450639}.Release|Any CPU.ActiveCfg = Release|Any CPU
		{866CF661-FA64-4D11-9F69-6E8013450639}.Release|Any CPU.Build.0 = Release|Any CPU
	EndGlobalSection
	GlobalSection(SolutionProperties) = preSolution
		HideSolutionNode = FALSE
	EndGlobalSection
	GlobalSection(ExtensibilityGlobals) = postSolution
		SolutionGuid = {F0C67609-2FDB-4AE3-A1A0-39B8CB75B928}
	EndGlobalSection
EndGlobal
