
Microsoft Visual Studio Solution File, Format Version 12.00
# Visual Studio Version 17
VisualStudioVersion = 17.5.002.0
MinimumVisualStudioVersion = 10.0.40219.1
Project("{9A19103F-16F7-4668-BE54-9A1E7A4F7556}") = "DatingProfile", "DatingProfile.csproj", "{FBADFE59-458E-4E57-B990-F1FD3C855ADD}"
EndProject
Global
	GlobalSection(SolutionConfigurationPlatforms) = preSolution
		Debug|Any CPU = Debug|Any CPU
		Release|Any CPU = Release|Any CPU
	EndGlobalSection
	GlobalSection(ProjectConfigurationPlatforms) = postSolution
		{FBADFE59-458E-4E57-B990-F1FD3C855ADD}.Debug|Any CPU.ActiveCfg = Debug|Any CPU
		{FBADFE59-458E-4E57-B990-F1FD3C855ADD}.Debug|Any CPU.Build.0 = Debug|Any CPU
		{FBADFE59-458E-4E57-B990-F1FD3C855ADD}.Release|Any CPU.ActiveCfg = Release|Any CPU
		{FBADFE59-458E-4E57-B990-F1FD3C855ADD}.Release|Any CPU.Build.0 = Release|Any CPU
	EndGlobalSection
	GlobalSection(SolutionProperties) = preSolution
		HideSolutionNode = FALSE
	EndGlobalSection
	GlobalSection(ExtensibilityGlobals) = postSolution
		SolutionGuid = {BCD23F50-E346-4E03-9EA3-9E07621D1F50}
	EndGlobalSection
EndGlobal
